
Microsoft Visual Studio Solution File, Format Version 12.00
# Visual Studio 2012
Project("{888888A0-9F3D-457C-B088-3A5042F75D52}") = "Global Codes Editor", "Global Codes Editor\Global Codes Editor.pyproj", "{8C0F9017-6593-4496-B061-C7CD5041180E}"
EndProject
Global
	GlobalSection(SolutionConfigurationPlatforms) = preSolution
		Debug|Any CPU = Debug|Any CPU
		Release|Any CPU = Release|Any CPU
	EndGlobalSection
	GlobalSection(ProjectConfigurationPlatforms) = postSolution
		{8C0F9017-6593-4496-B061-C7CD5041180E}.Debug|Any CPU.ActiveCfg = Debug|Any CPU
		{8C0F9017-6593-4496-B061-C7CD5041180E}.Debug|Any CPU.Build.0 = Debug|Any CPU
		{8C0F9017-6593-4496-B061-C7CD5041180E}.Release|Any CPU.ActiveCfg = Release|Any CPU
		{8C0F9017-6593-4496-B061-C7CD5041180E}.Release|Any CPU.Build.0 = Release|Any CPU
	EndGlobalSection
	GlobalSection(SolutionProperties) = preSolution
		HideSolutionNode = FALSE
	EndGlobalSection
EndGlobal
